
Microsoft Visual Studio Solution File, Format Version 12.00
# Visual Studio 15
VisualStudioVersion = 15.0.27428.2037
MinimumVisualStudioVersion = 10.0.40219.1
Project("{FAE04EC0-301F-11D3-BF4B-00C04F79EFBC}") = "TS_2018", "TS_2018\TS_2018.csproj", "{142D97EA-588B-45A9-9C3B-918629B6B646}"
EndProject
Project("{54435603-DBB4-11D2-8724-00A0C9A8B90C}") = "Setup1", "Setup1\Setup1.vdproj", "{5F2E3C46-C653-4B05-A5D5-C87899960BB4}"
EndProject
Global
	GlobalSection(SolutionConfigurationPlatforms) = preSolution
		Debug|Any CPU = Debug|Any CPU
		Release|Any CPU = Release|Any CPU
	EndGlobalSection
	GlobalSection(ProjectConfigurationPlatforms) = postSolution
		{142D97EA-588B-45A9-9C3B-918629B6B646}.Debug|Any CPU.ActiveCfg = Debug|Any CPU
		{142D97EA-588B-45A9-9C3B-918629B6B646}.Debug|Any CPU.Build.0 = Debug|Any CPU
		{142D97EA-588B-45A9-9C3B-918629B6B646}.Release|Any CPU.ActiveCfg = Release|Any CPU
		{142D97EA-588B-45A9-9C3B-918629B6B646}.Release|Any CPU.Build.0 = Release|Any CPU
		{5F2E3C46-C653-4B05-A5D5-C87899960BB4}.Debug|Any CPU.ActiveCfg = Debug
		{5F2E3C46-C653-4B05-A5D5-C87899960BB4}.Release|Any CPU.ActiveCfg = Release
	EndGlobalSection
	GlobalSection(SolutionProperties) = preSolution
		HideSolutionNode = FALSE
	EndGlobalSection
	GlobalSection(ExtensibilityGlobals) = postSolution
		SolutionGuid = {C1C0EF27-3DF8-441F-8E3F-EFDFB7ABFCDE}
	EndGlobalSection
EndGlobal
